// !$*UTF8*$!
{
	archiveVersion = 1;
	classes = {
	};
	objectVersion = 46;
	objects = {

/* Begin PBXBuildFile section */
		2A05510F1F5837FC005C356F /* LiGenericQueryResponse.swift in Sources */ = {isa = PBXBuildFile; fileRef = 2A05510E1F5837FC005C356F /* LiGenericQueryResponse.swift */; };
		2A0551101F5837FC005C356F /* LiGenericQueryResponse.swift in Sources */ = {isa = PBXBuildFile; fileRef = 2A05510E1F5837FC005C356F /* LiGenericQueryResponse.swift */; };
		2A0551121F611156005C356F /* LiBrowse.swift in Sources */ = {isa = PBXBuildFile; fileRef = 2A0551111F611156005C356F /* LiBrowse.swift */; };
		2A0551131F611156005C356F /* LiBrowse.swift in Sources */ = {isa = PBXBuildFile; fileRef = 2A0551111F611156005C356F /* LiBrowse.swift */; };
		2A0BC7221EB9C898001F0118 /* LiNetworkUtils.swift in Sources */ = {isa = PBXBuildFile; fileRef = 2A0BC7211EB9C898001F0118 /* LiNetworkUtils.swift */; };
		2A13550520455B870001A6D9 /* keanu.jpg in Resources */ = {isa = PBXBuildFile; fileRef = 2A13550420455B870001A6D9 /* keanu.jpg */; };
		2A1C95F01F7A4999006FC224 /* LiFloatedMessage.swift in Sources */ = {isa = PBXBuildFile; fileRef = 2A1C95EF1F7A4999006FC224 /* LiFloatedMessage.swift */; };
		2A1C95F11F7A4999006FC224 /* LiFloatedMessage.swift in Sources */ = {isa = PBXBuildFile; fileRef = 2A1C95EF1F7A4999006FC224 /* LiFloatedMessage.swift */; };
		2A1D91261FE3BF0500747EC5 /* LiNotificationManager.swift in Sources */ = {isa = PBXBuildFile; fileRef = 2A1D91251FE3BF0500747EC5 /* LiNotificationManager.swift */; };
		2A1D91271FE3BF0500747EC5 /* LiNotificationManager.swift in Sources */ = {isa = PBXBuildFile; fileRef = 2A1D91251FE3BF0500747EC5 /* LiNotificationManager.swift */; };
		2A2309BB2007BC84002090D1 /* LiImage.swift in Sources */ = {isa = PBXBuildFile; fileRef = 2A2309BA2007BC84002090D1 /* LiImage.swift */; };
		2A2309BC2007BC84002090D1 /* LiImage.swift in Sources */ = {isa = PBXBuildFile; fileRef = 2A2309BA2007BC84002090D1 /* LiImage.swift */; };
		2A2309BE2007C02A002090D1 /* LiRankingDisplay.swift in Sources */ = {isa = PBXBuildFile; fileRef = 2A2309BD2007C02A002090D1 /* LiRankingDisplay.swift */; };
		2A2309BF2007C02A002090D1 /* LiRankingDisplay.swift in Sources */ = {isa = PBXBuildFile; fileRef = 2A2309BD2007C02A002090D1 /* LiRankingDisplay.swift */; };
		2A2309C12007C075002090D1 /* LiImageMetaData.swift in Sources */ = {isa = PBXBuildFile; fileRef = 2A2309C02007C075002090D1 /* LiImageMetaData.swift */; };
		2A2309C22007C075002090D1 /* LiImageMetaData.swift in Sources */ = {isa = PBXBuildFile; fileRef = 2A2309C02007C075002090D1 /* LiImageMetaData.swift */; };
		2A2ABBA820037511001907C1 /* LiModerationStatus.swift in Sources */ = {isa = PBXBuildFile; fileRef = 2A2ABBA720037511001907C1 /* LiModerationStatus.swift */; };
		2A2ABBA920037511001907C1 /* LiModerationStatus.swift in Sources */ = {isa = PBXBuildFile; fileRef = 2A2ABBA720037511001907C1 /* LiModerationStatus.swift */; };
		2A2E33AC204FD33600EDEAFE /* LiUtils.swift in Sources */ = {isa = PBXBuildFile; fileRef = 2A7D8BB020480127009596BF /* LiUtils.swift */; };
		2A553C651EB9CD37001BF346 /* SSOHandler.swift in Sources */ = {isa = PBXBuildFile; fileRef = 2A553C641EB9CD37001BF346 /* SSOHandler.swift */; };
		2A553C661EB9D186001BF346 /* LiNetworkUtils.swift in Sources */ = {isa = PBXBuildFile; fileRef = 2A0BC7211EB9C898001F0118 /* LiNetworkUtils.swift */; };
		2A553C681EB9D190001BF346 /* SSOHandler.swift in Sources */ = {isa = PBXBuildFile; fileRef = 2A553C641EB9CD37001BF346 /* SSOHandler.swift */; };
		2A553C6A1EBB3E83001BF346 /* LiBaseError.swift in Sources */ = {isa = PBXBuildFile; fileRef = 2A553C691EBB3E83001BF346 /* LiBaseError.swift */; };
		2A553C6B1EBB3F8F001BF346 /* LiBaseError.swift in Sources */ = {isa = PBXBuildFile; fileRef = 2A553C691EBB3E83001BF346 /* LiBaseError.swift */; };
		2A553C6F1EBC6E81001BF346 /* LiClientRequestParams.swift in Sources */ = {isa = PBXBuildFile; fileRef = 2A553C6E1EBC6E81001BF346 /* LiClientRequestParams.swift */; };
		2A5694FE1E9CD95300850867 /* LiBaseResponse.swift in Sources */ = {isa = PBXBuildFile; fileRef = 2A5694FD1E9CD95300850867 /* LiBaseResponse.swift */; };
		2A5694FF1E9CD95300850867 /* LiBaseResponse.swift in Sources */ = {isa = PBXBuildFile; fileRef = 2A5694FD1E9CD95300850867 /* LiBaseResponse.swift */; };
		2A5695011E9E1C7C00850867 /* LiConversation.swift in Sources */ = {isa = PBXBuildFile; fileRef = 2A5695001E9E1C7C00850867 /* LiConversation.swift */; };
		2A5695021E9E1C7C00850867 /* LiConversation.swift in Sources */ = {isa = PBXBuildFile; fileRef = 2A5695001E9E1C7C00850867 /* LiConversation.swift */; };
		2A5695041E9E1C9A00850867 /* LiKudoMetrics.swift in Sources */ = {isa = PBXBuildFile; fileRef = 2A5695031E9E1C9A00850867 /* LiKudoMetrics.swift */; };
		2A5695051E9E1C9A00850867 /* LiKudoMetrics.swift in Sources */ = {isa = PBXBuildFile; fileRef = 2A5695031E9E1C9A00850867 /* LiKudoMetrics.swift */; };
		2A5A35421F2F1BC500A30565 /* LiImageResponse.swift in Sources */ = {isa = PBXBuildFile; fileRef = 2A5A35411F2F1BC500A30565 /* LiImageResponse.swift */; };
		2A61B50A1F46F4B500C0BDD0 /* LiImageResponse.swift in Sources */ = {isa = PBXBuildFile; fileRef = 2A5A35411F2F1BC500A30565 /* LiImageResponse.swift */; };
		2A63415C203EC31A0057D9A3 /* LiClientRequestParamsTests.swift in Sources */ = {isa = PBXBuildFile; fileRef = 2A63415B203EC31A0057D9A3 /* LiClientRequestParamsTests.swift */; };
		2A682E4C1EADBD85004EDEAF /* LiAuthManager.swift in Sources */ = {isa = PBXBuildFile; fileRef = 2A682E4B1EADBD85004EDEAF /* LiAuthManager.swift */; };
		2A682E4D1EADBD85004EDEAF /* LiAuthManager.swift in Sources */ = {isa = PBXBuildFile; fileRef = 2A682E4B1EADBD85004EDEAF /* LiAuthManager.swift */; };
		2A69BEB81FAC643C004682A6 /* LiRestResponse.swift in Sources */ = {isa = PBXBuildFile; fileRef = 2A69BEB71FAC643C004682A6 /* LiRestResponse.swift */; };
		2A69BEB91FAC643C004682A6 /* LiRestResponse.swift in Sources */ = {isa = PBXBuildFile; fileRef = 2A69BEB71FAC643C004682A6 /* LiRestResponse.swift */; };
		2A7943AB1EA89900009ED79B /* Nimble.framework in CopyFiles */ = {isa = PBXBuildFile; fileRef = 2AD700FF1E94FD1E0045D9EC /* Nimble.framework */; settings = {ATTRIBUTES = (RemoveHeadersOnCopy, ); }; };
		2A7943AC1EA89900009ED79B /* Quick.framework in CopyFiles */ = {isa = PBXBuildFile; fileRef = 2AD701001E94FD1E0045D9EC /* Quick.framework */; settings = {ATTRIBUTES = (RemoveHeadersOnCopy, ); }; };
		2A7943CD1EA89966009ED79B /* Nimble.framework in Frameworks */ = {isa = PBXBuildFile; fileRef = 2A7943B61EA89959009ED79B /* Nimble.framework */; };
		2A7943CE1EA89976009ED79B /* Quick.framework in Frameworks */ = {isa = PBXBuildFile; fileRef = 2A7943B81EA89959009ED79B /* Quick.framework */; };
		2A7943D81EA899E5009ED79B /* Alamofire.framework in Frameworks */ = {isa = PBXBuildFile; fileRef = 2A7943D21EA899D9009ED79B /* Alamofire.framework */; };
		2A7C26471E93916E00A7786A /* LiRestClient.swift in Sources */ = {isa = PBXBuildFile; fileRef = 2A7C26461E93916E00A7786A /* LiRestClient.swift */; };
		2A7C264C1E9395EA00A7786A /* LiClientManager.swift in Sources */ = {isa = PBXBuildFile; fileRef = 2A7C264B1E9395EA00A7786A /* LiClientManager.swift */; };
		2A7C264E1E93974500A7786A /* LiClient.swift in Sources */ = {isa = PBXBuildFile; fileRef = 2A7C264D1E93974500A7786A /* LiClient.swift */; };
		2A7D8BB120480127009596BF /* LiUtils.swift in Sources */ = {isa = PBXBuildFile; fileRef = 2A7D8BB020480127009596BF /* LiUtils.swift */; };
		2A89A2AE201EF87000E3C693 /* KeychainItemAccessibility.swift in Sources */ = {isa = PBXBuildFile; fileRef = 2A89A2AC201EF87000E3C693 /* KeychainItemAccessibility.swift */; };
		2A89A2AF201EF87000E3C693 /* KeychainItemAccessibility.swift in Sources */ = {isa = PBXBuildFile; fileRef = 2A89A2AC201EF87000E3C693 /* KeychainItemAccessibility.swift */; };
		2A89A2B0201EF87000E3C693 /* KeychainWrapper.swift in Sources */ = {isa = PBXBuildFile; fileRef = 2A89A2AD201EF87000E3C693 /* KeychainWrapper.swift */; };
		2A89A2B1201EF87000E3C693 /* KeychainWrapper.swift in Sources */ = {isa = PBXBuildFile; fileRef = 2A89A2AD201EF87000E3C693 /* KeychainWrapper.swift */; };
		2A8BF1E01EA9E18B00C3CF18 /* LiCoreSDK.framework in Frameworks */ = {isa = PBXBuildFile; fileRef = 2AEAFB6A1E921A4B00514729 /* LiCoreSDK.framework */; };
		2A8BF1F41EA9E2C100C3CF18 /* Alamofire.framework in CopyFiles */ = {isa = PBXBuildFile; fileRef = 2A7943A31EA890A5009ED79B /* Alamofire.framework */; settings = {ATTRIBUTES = (CodeSignOnCopy, RemoveHeadersOnCopy, ); }; };
		2A9074991EFA61B700D4F2AF /* LiQueryConstants.swift in Sources */ = {isa = PBXBuildFile; fileRef = 2A9074981EFA61B700D4F2AF /* LiQueryConstants.swift */; };
		2A90749A1EFA61B700D4F2AF /* LiQueryConstants.swift in Sources */ = {isa = PBXBuildFile; fileRef = 2A9074981EFA61B700D4F2AF /* LiQueryConstants.swift */; };
		2A90749C1EFA632800D4F2AF /* LiClientConfig.swift in Sources */ = {isa = PBXBuildFile; fileRef = 2A90749B1EFA632800D4F2AF /* LiClientConfig.swift */; };
		2A90749D1EFA632800D4F2AF /* LiClientConfig.swift in Sources */ = {isa = PBXBuildFile; fileRef = 2A90749B1EFA632800D4F2AF /* LiClientConfig.swift */; };
		2A9ECDCF200F482C00801C26 /* LiAuthorizationDelegate.swift in Sources */ = {isa = PBXBuildFile; fileRef = 2A9ECDCE200F482C00801C26 /* LiAuthorizationDelegate.swift */; };
		2A9ECDD0200F482C00801C26 /* LiAuthorizationDelegate.swift in Sources */ = {isa = PBXBuildFile; fileRef = 2A9ECDCE200F482C00801C26 /* LiAuthorizationDelegate.swift */; };
		2AA0AA141F0A3C1B0044DE45 /* LiBoard.swift in Sources */ = {isa = PBXBuildFile; fileRef = 2AA0AA131F0A3C1B0044DE45 /* LiBoard.swift */; };
		2AA0AA151F0A3C1B0044DE45 /* LiBoard.swift in Sources */ = {isa = PBXBuildFile; fileRef = 2AA0AA131F0A3C1B0044DE45 /* LiBoard.swift */; };
		2AA0AA171F0A4FD20044DE45 /* LiUser.swift in Sources */ = {isa = PBXBuildFile; fileRef = 2AA0AA161F0A4FD20044DE45 /* LiUser.swift */; };
		2AA0AA181F0A4FD20044DE45 /* LiUser.swift in Sources */ = {isa = PBXBuildFile; fileRef = 2AA0AA161F0A4FD20044DE45 /* LiUser.swift */; };
		2AA0AA1A1F0A59660044DE45 /* LiMessageMetrics.swift in Sources */ = {isa = PBXBuildFile; fileRef = 2AA0AA191F0A59660044DE45 /* LiMessageMetrics.swift */; };
		2AA0AA1B1F0A59660044DE45 /* LiMessageMetrics.swift in Sources */ = {isa = PBXBuildFile; fileRef = 2AA0AA191F0A59660044DE45 /* LiMessageMetrics.swift */; };
		2AA0AA1D1F0A5B5F0044DE45 /* LiUserContext.swift in Sources */ = {isa = PBXBuildFile; fileRef = 2AA0AA1C1F0A5B5F0044DE45 /* LiUserContext.swift */; };
		2AA0AA1E1F0A5B5F0044DE45 /* LiUserContext.swift in Sources */ = {isa = PBXBuildFile; fileRef = 2AA0AA1C1F0A5B5F0044DE45 /* LiUserContext.swift */; };
		2AA3B33F1EC04C720080CC76 /* LiClientRequestParams.swift in Sources */ = {isa = PBXBuildFile; fileRef = 2A553C6E1EBC6E81001BF346 /* LiClientRequestParams.swift */; };
		2AA3B3471EC1BBCC0080CC76 /* LiSDKManager.swift in Sources */ = {isa = PBXBuildFile; fileRef = 2AA3B3461EC1BBCC0080CC76 /* LiSDKManager.swift */; };
		2AA3B3481EC1BBCC0080CC76 /* LiSDKManager.swift in Sources */ = {isa = PBXBuildFile; fileRef = 2AA3B3461EC1BBCC0080CC76 /* LiSDKManager.swift */; };
		2AA3B34B1EC3128D0080CC76 /* LiAppCredentials.swift in Sources */ = {isa = PBXBuildFile; fileRef = 2AA3B34A1EC3128D0080CC76 /* LiAppCredentials.swift */; };
		2AA3B34C1EC3128D0080CC76 /* LiAppCredentials.swift in Sources */ = {isa = PBXBuildFile; fileRef = 2AA3B34A1EC3128D0080CC76 /* LiAppCredentials.swift */; };
		2AA3B34E1EC47F200080CC76 /* LiAuthService.swift in Sources */ = {isa = PBXBuildFile; fileRef = 2AA3B34D1EC47F200080CC76 /* LiAuthService.swift */; };
		2AA3B34F1EC47F200080CC76 /* LiAuthService.swift in Sources */ = {isa = PBXBuildFile; fileRef = 2AA3B34D1EC47F200080CC76 /* LiAuthService.swift */; };
		2AA3B3511EC484E50080CC76 /* LiLoginViewController.swift in Sources */ = {isa = PBXBuildFile; fileRef = 2AA3B3501EC484E50080CC76 /* LiLoginViewController.swift */; };
		2AA3B3521EC484E50080CC76 /* LiLoginViewController.swift in Sources */ = {isa = PBXBuildFile; fileRef = 2AA3B3501EC484E50080CC76 /* LiLoginViewController.swift */; };
		2AAAD9B81E9C999C00E9C40F /* LiAvatar.swift in Sources */ = {isa = PBXBuildFile; fileRef = 2AAAD9B71E9C999C00E9C40F /* LiAvatar.swift */; };
		2AAAD9B91E9C999C00E9C40F /* LiAvatar.swift in Sources */ = {isa = PBXBuildFile; fileRef = 2AAAD9B71E9C999C00E9C40F /* LiAvatar.swift */; };
		2AAAD9BB1E9C9BE600E9C40F /* LiMessage.swift in Sources */ = {isa = PBXBuildFile; fileRef = 2AAAD9BA1E9C9BE600E9C40F /* LiMessage.swift */; };
		2AAAD9BC1E9C9BE600E9C40F /* LiMessage.swift in Sources */ = {isa = PBXBuildFile; fileRef = 2AAAD9BA1E9C9BE600E9C40F /* LiMessage.swift */; };
		2AAEC2D61F398A820094295A /* LiImageUpload.swift in Sources */ = {isa = PBXBuildFile; fileRef = 2AAEC2D51F398A820094295A /* LiImageUpload.swift */; };
		2AAEC2D71F398A880094295A /* LiImageUpload.swift in Sources */ = {isa = PBXBuildFile; fileRef = 2AAEC2D51F398A820094295A /* LiImageUpload.swift */; };
		2ACD22802007AFDE00BD1961 /* LiRanking.swift in Sources */ = {isa = PBXBuildFile; fileRef = 2ACD227F2007AFDE00BD1961 /* LiRanking.swift */; };
		2ACD22812007AFDE00BD1961 /* LiRanking.swift in Sources */ = {isa = PBXBuildFile; fileRef = 2ACD227F2007AFDE00BD1961 /* LiRanking.swift */; };
		2AD4E2601FB5989600184F3E /* LiQueryClause.swift in Sources */ = {isa = PBXBuildFile; fileRef = 2AD4E25F1FB5989600184F3E /* LiQueryClause.swift */; };
		2AD4E2611FB5989600184F3E /* LiQueryClause.swift in Sources */ = {isa = PBXBuildFile; fileRef = 2AD4E25F1FB5989600184F3E /* LiQueryClause.swift */; };
		2AD7010F1E9511AE0045D9EC /* LiClientManager.swift in Sources */ = {isa = PBXBuildFile; fileRef = 2A7C264B1E9395EA00A7786A /* LiClientManager.swift */; };
		2AD701101E9513BF0045D9EC /* LiRestClient.swift in Sources */ = {isa = PBXBuildFile; fileRef = 2A7C26461E93916E00A7786A /* LiRestClient.swift */; };
		2AD701111E9513C30045D9EC /* LiClient.swift in Sources */ = {isa = PBXBuildFile; fileRef = 2A7C264D1E93974500A7786A /* LiClient.swift */; };
		2AE3898F1FDA9B8000866588 /* LiAppSdkSettings.swift in Sources */ = {isa = PBXBuildFile; fileRef = 2AE3898E1FDA9B8000866588 /* LiAppSdkSettings.swift */; };
		2AE389901FDA9B8000866588 /* LiAppSdkSettings.swift in Sources */ = {isa = PBXBuildFile; fileRef = 2AE3898E1FDA9B8000866588 /* LiAppSdkSettings.swift */; };
		2AE389951FDE7A3300866588 /* LiAuthState.swift in Sources */ = {isa = PBXBuildFile; fileRef = 2AE389941FDE7A3300866588 /* LiAuthState.swift */; };
		2AE389961FDE7A3300866588 /* LiAuthState.swift in Sources */ = {isa = PBXBuildFile; fileRef = 2AE389941FDE7A3300866588 /* LiAuthState.swift */; };
		2AE389981FDFCE4A00866588 /* LiSSOAuthResponse.swift in Sources */ = {isa = PBXBuildFile; fileRef = 2AE389971FDFCE4A00866588 /* LiSSOAuthResponse.swift */; };
		2AE389991FDFCE4A00866588 /* LiSSOAuthResponse.swift in Sources */ = {isa = PBXBuildFile; fileRef = 2AE389971FDFCE4A00866588 /* LiSSOAuthResponse.swift */; };
		2AE3899B1FDFDEDD00866588 /* LiCoreSDKConstants.swift in Sources */ = {isa = PBXBuildFile; fileRef = 2AE3899A1FDFDEDD00866588 /* LiCoreSDKConstants.swift */; };
		2AE3899C1FDFDEDD00866588 /* LiCoreSDKConstants.swift in Sources */ = {isa = PBXBuildFile; fileRef = 2AE3899A1FDFDEDD00866588 /* LiCoreSDKConstants.swift */; };
		2AE3899E1FDFE0BB00866588 /* LiAuthRequestStore.swift in Sources */ = {isa = PBXBuildFile; fileRef = 2AE3899D1FDFE0BB00866588 /* LiAuthRequestStore.swift */; };
		2AE3899F1FDFE0BB00866588 /* LiAuthRequestStore.swift in Sources */ = {isa = PBXBuildFile; fileRef = 2AE3899D1FDFE0BB00866588 /* LiAuthRequestStore.swift */; };
		2AE876E21EF2642000491680 /* LiQueryBuilder.swift in Sources */ = {isa = PBXBuildFile; fileRef = 2AE876E11EF2642000491680 /* LiQueryBuilder.swift */; };
		2AE876E31EF2642B00491680 /* LiQuerySetting.swift in Sources */ = {isa = PBXBuildFile; fileRef = 2AF633CC1EF12693008DACDF /* LiQuerySetting.swift */; };
		2AE876E41EF2642E00491680 /* LiQueryBuilder.swift in Sources */ = {isa = PBXBuildFile; fileRef = 2AE876E11EF2642000491680 /* LiQueryBuilder.swift */; };
		2AE876E91EF2745300491680 /* LiDefaultQueryHelper.swift in Sources */ = {isa = PBXBuildFile; fileRef = 2AE876E81EF2745300491680 /* LiDefaultQueryHelper.swift */; };
		2AE876EA1EF2745300491680 /* LiDefaultQueryHelper.swift in Sources */ = {isa = PBXBuildFile; fileRef = 2AE876E81EF2745300491680 /* LiDefaultQueryHelper.swift */; };
		2AE876ED1EF28CFA00491680 /* li_default_query_settings.json in Resources */ = {isa = PBXBuildFile; fileRef = 2AE876EC1EF28CFA00491680 /* li_default_query_settings.json */; };
		2AE876EE1EF28CFA00491680 /* li_default_query_settings.json in Resources */ = {isa = PBXBuildFile; fileRef = 2AE876EC1EF28CFA00491680 /* li_default_query_settings.json */; };
		2AEAFB7B1E921A4B00514729 /* LiCoreSDK.h in Headers */ = {isa = PBXBuildFile; fileRef = 2AEAFB6D1E921A4B00514729 /* LiCoreSDK.h */; settings = {ATTRIBUTES = (Public, ); }; };
		2AF040A02005D059000E81F0 /* LiSubscriptions.swift in Sources */ = {isa = PBXBuildFile; fileRef = 2AF0409F2005D059000E81F0 /* LiSubscriptions.swift */; };
		2AF040A12005D059000E81F0 /* LiSubscriptions.swift in Sources */ = {isa = PBXBuildFile; fileRef = 2AF0409F2005D059000E81F0 /* LiSubscriptions.swift */; };
		2AF633CD1EF12693008DACDF /* LiQuerySetting.swift in Sources */ = {isa = PBXBuildFile; fileRef = 2AF633CC1EF12693008DACDF /* LiQuerySetting.swift */; };
/* End PBXBuildFile section */

/* Begin PBXContainerItemProxy section */
		2A1F33821EA9D1C000DB1808 /* PBXContainerItemProxy */ = {
			isa = PBXContainerItemProxy;
			containerPortal = 2AEAFB611E921A4B00514729 /* Project object */;
			proxyType = 1;
			remoteGlobalIDString = 2AEAFB691E921A4B00514729;
			remoteInfo = "li-ios-sdk-core";
		};
/* End PBXContainerItemProxy section */

/* Begin PBXCopyFilesBuildPhase section */
		2A7943AA1EA898D7009ED79B /* CopyFiles */ = {
			isa = PBXCopyFilesBuildPhase;
			buildActionMask = 8;
			dstPath = "";
			dstSubfolderSpec = 10;
			files = (
				2A8BF1F41EA9E2C100C3CF18 /* Alamofire.framework in CopyFiles */,
				2A7943AB1EA89900009ED79B /* Nimble.framework in CopyFiles */,
				2A7943AC1EA89900009ED79B /* Quick.framework in CopyFiles */,
			);
			runOnlyForDeploymentPostprocessing = 1;
		};
/* End PBXCopyFilesBuildPhase section */

/* Begin PBXFileReference section */
		2A05510E1F5837FC005C356F /* LiGenericQueryResponse.swift */ = {isa = PBXFileReference; fileEncoding = 4; lastKnownFileType = sourcecode.swift; path = LiGenericQueryResponse.swift; sourceTree = "<group>"; };
		2A0551111F611156005C356F /* LiBrowse.swift */ = {isa = PBXFileReference; fileEncoding = 4; lastKnownFileType = sourcecode.swift; path = LiBrowse.swift; sourceTree = "<group>"; };
		2A0BC7211EB9C898001F0118 /* LiNetworkUtils.swift */ = {isa = PBXFileReference; fileEncoding = 4; lastKnownFileType = sourcecode.swift; path = LiNetworkUtils.swift; sourceTree = "<group>"; };
		2A13550420455B870001A6D9 /* keanu.jpg */ = {isa = PBXFileReference; lastKnownFileType = image.jpeg; path = keanu.jpg; sourceTree = "<group>"; };
		2A1C95EF1F7A4999006FC224 /* LiFloatedMessage.swift */ = {isa = PBXFileReference; fileEncoding = 4; lastKnownFileType = sourcecode.swift; path = LiFloatedMessage.swift; sourceTree = "<group>"; };
		2A1D91251FE3BF0500747EC5 /* LiNotificationManager.swift */ = {isa = PBXFileReference; fileEncoding = 4; lastKnownFileType = sourcecode.swift; path = LiNotificationManager.swift; sourceTree = "<group>"; };
		2A2309BA2007BC84002090D1 /* LiImage.swift */ = {isa = PBXFileReference; fileEncoding = 4; lastKnownFileType = sourcecode.swift; path = LiImage.swift; sourceTree = "<group>"; };
		2A2309BD2007C02A002090D1 /* LiRankingDisplay.swift */ = {isa = PBXFileReference; fileEncoding = 4; lastKnownFileType = sourcecode.swift; path = LiRankingDisplay.swift; sourceTree = "<group>"; };
		2A2309C02007C075002090D1 /* LiImageMetaData.swift */ = {isa = PBXFileReference; fileEncoding = 4; lastKnownFileType = sourcecode.swift; path = LiImageMetaData.swift; sourceTree = "<group>"; };
		2A2ABBA720037511001907C1 /* LiModerationStatus.swift */ = {isa = PBXFileReference; fileEncoding = 4; lastKnownFileType = sourcecode.swift; path = LiModerationStatus.swift; sourceTree = "<group>"; };
		2A553C641EB9CD37001BF346 /* SSOHandler.swift */ = {isa = PBXFileReference; fileEncoding = 4; lastKnownFileType = sourcecode.swift; path = SSOHandler.swift; sourceTree = "<group>"; };
		2A553C691EBB3E83001BF346 /* LiBaseError.swift */ = {isa = PBXFileReference; fileEncoding = 4; lastKnownFileType = sourcecode.swift; path = LiBaseError.swift; sourceTree = "<group>"; };
		2A553C6E1EBC6E81001BF346 /* LiClientRequestParams.swift */ = {isa = PBXFileReference; fileEncoding = 4; lastKnownFileType = sourcecode.swift; path = LiClientRequestParams.swift; sourceTree = "<group>"; };
		2A5694FD1E9CD95300850867 /* LiBaseResponse.swift */ = {isa = PBXFileReference; fileEncoding = 4; lastKnownFileType = sourcecode.swift; path = LiBaseResponse.swift; sourceTree = "<group>"; };
		2A5695001E9E1C7C00850867 /* LiConversation.swift */ = {isa = PBXFileReference; fileEncoding = 4; lastKnownFileType = sourcecode.swift; path = LiConversation.swift; sourceTree = "<group>"; };
		2A5695031E9E1C9A00850867 /* LiKudoMetrics.swift */ = {isa = PBXFileReference; fileEncoding = 4; lastKnownFileType = sourcecode.swift; path = LiKudoMetrics.swift; sourceTree = "<group>"; };
		2A5A35411F2F1BC500A30565 /* LiImageResponse.swift */ = {isa = PBXFileReference; fileEncoding = 4; lastKnownFileType = sourcecode.swift; path = LiImageResponse.swift; sourceTree = "<group>"; };
		2A63415B203EC31A0057D9A3 /* LiClientRequestParamsTests.swift */ = {isa = PBXFileReference; lastKnownFileType = sourcecode.swift; path = LiClientRequestParamsTests.swift; sourceTree = "<group>"; };
		2A682E4B1EADBD85004EDEAF /* LiAuthManager.swift */ = {isa = PBXFileReference; fileEncoding = 4; lastKnownFileType = sourcecode.swift; path = LiAuthManager.swift; sourceTree = "<group>"; };
		2A69BEB71FAC643C004682A6 /* LiRestResponse.swift */ = {isa = PBXFileReference; fileEncoding = 4; lastKnownFileType = sourcecode.swift; path = LiRestResponse.swift; sourceTree = "<group>"; };
		2A7943A31EA890A5009ED79B /* Alamofire.framework */ = {isa = PBXFileReference; lastKnownFileType = wrapper.framework; name = Alamofire.framework; path = Carthage/Build/iOS/Alamofire.framework; sourceTree = "<group>"; };
		2A7943A61EA8983E009ED79B /* Nimble.framework */ = {isa = PBXFileReference; lastKnownFileType = wrapper.framework; name = Nimble.framework; path = Carthage/Build/iOS/Nimble.framework; sourceTree = "<group>"; };
		2A7943A71EA8983E009ED79B /* Quick.framework */ = {isa = PBXFileReference; lastKnownFileType = wrapper.framework; name = Quick.framework; path = Carthage/Build/iOS/Quick.framework; sourceTree = "<group>"; };
		2A7943AE1EA89959009ED79B /* .Alamofire.version */ = {isa = PBXFileReference; lastKnownFileType = text; path = .Alamofire.version; sourceTree = "<group>"; };
		2A7943AF1EA89959009ED79B /* .Nimble.version */ = {isa = PBXFileReference; lastKnownFileType = text; path = .Nimble.version; sourceTree = "<group>"; };
		2A7943B01EA89959009ED79B /* .Quick.version */ = {isa = PBXFileReference; lastKnownFileType = text; path = .Quick.version; sourceTree = "<group>"; };
		2A7943B21EA89959009ED79B /* 00D42C87-4096-36A9-B224-E6E692A8DD15.bcsymbolmap */ = {isa = PBXFileReference; lastKnownFileType = text; path = "00D42C87-4096-36A9-B224-E6E692A8DD15.bcsymbolmap"; sourceTree = "<group>"; };
		2A7943B31EA89959009ED79B /* A3F05EC2-3A8F-30E3-974C-79D2EBFD1BF4.bcsymbolmap */ = {isa = PBXFileReference; lastKnownFileType = text; path = "A3F05EC2-3A8F-30E3-974C-79D2EBFD1BF4.bcsymbolmap"; sourceTree = "<group>"; };
		2A7943B41EA89959009ED79B /* Alamofire.framework */ = {isa = PBXFileReference; lastKnownFileType = wrapper.framework; path = Alamofire.framework; sourceTree = "<group>"; };
		2A7943B51EA89959009ED79B /* Alamofire.framework.dSYM */ = {isa = PBXFileReference; lastKnownFileType = wrapper.dsym; path = Alamofire.framework.dSYM; sourceTree = "<group>"; };
		2A7943B61EA89959009ED79B /* Nimble.framework */ = {isa = PBXFileReference; lastKnownFileType = wrapper.framework; path = Nimble.framework; sourceTree = "<group>"; };
		2A7943B71EA89959009ED79B /* Nimble.framework.dSYM */ = {isa = PBXFileReference; lastKnownFileType = wrapper.dsym; path = Nimble.framework.dSYM; sourceTree = "<group>"; };
		2A7943B81EA89959009ED79B /* Quick.framework */ = {isa = PBXFileReference; lastKnownFileType = wrapper.framework; path = Quick.framework; sourceTree = "<group>"; };
		2A7943B91EA89959009ED79B /* Quick.framework.dSYM */ = {isa = PBXFileReference; lastKnownFileType = wrapper.dsym; path = Quick.framework.dSYM; sourceTree = "<group>"; };
		2A7943BB1EA89959009ED79B /* Alamofire.framework */ = {isa = PBXFileReference; lastKnownFileType = wrapper.framework; path = Alamofire.framework; sourceTree = "<group>"; };
		2A7943BC1EA89959009ED79B /* Alamofire.framework.dSYM */ = {isa = PBXFileReference; lastKnownFileType = wrapper.dsym; path = Alamofire.framework.dSYM; sourceTree = "<group>"; };
		2A7943BD1EA89959009ED79B /* Nimble.framework */ = {isa = PBXFileReference; lastKnownFileType = wrapper.framework; path = Nimble.framework; sourceTree = "<group>"; };
		2A7943BE1EA89959009ED79B /* Nimble.framework.dSYM */ = {isa = PBXFileReference; lastKnownFileType = wrapper.dsym; path = Nimble.framework.dSYM; sourceTree = "<group>"; };
		2A7943BF1EA89959009ED79B /* Quick.framework */ = {isa = PBXFileReference; lastKnownFileType = wrapper.framework; path = Quick.framework; sourceTree = "<group>"; };
		2A7943C01EA89959009ED79B /* Quick.framework.dSYM */ = {isa = PBXFileReference; lastKnownFileType = wrapper.dsym; path = Quick.framework.dSYM; sourceTree = "<group>"; };
		2A7943C21EA89959009ED79B /* 097491BC-DFCB-34C1-9E6F-D56B8BA5B342.bcsymbolmap */ = {isa = PBXFileReference; lastKnownFileType = text; path = "097491BC-DFCB-34C1-9E6F-D56B8BA5B342.bcsymbolmap"; sourceTree = "<group>"; };
		2A7943C31EA89959009ED79B /* Alamofire.framework */ = {isa = PBXFileReference; lastKnownFileType = wrapper.framework; path = Alamofire.framework; sourceTree = "<group>"; };
		2A7943C41EA89959009ED79B /* Alamofire.framework.dSYM */ = {isa = PBXFileReference; lastKnownFileType = wrapper.dsym; path = Alamofire.framework.dSYM; sourceTree = "<group>"; };
		2A7943C51EA89959009ED79B /* Nimble.framework */ = {isa = PBXFileReference; lastKnownFileType = wrapper.framework; path = Nimble.framework; sourceTree = "<group>"; };
		2A7943C61EA89959009ED79B /* Nimble.framework.dSYM */ = {isa = PBXFileReference; lastKnownFileType = wrapper.dsym; path = Nimble.framework.dSYM; sourceTree = "<group>"; };
		2A7943C71EA89959009ED79B /* Quick.framework */ = {isa = PBXFileReference; lastKnownFileType = wrapper.framework; path = Quick.framework; sourceTree = "<group>"; };
		2A7943C81EA89959009ED79B /* Quick.framework.dSYM */ = {isa = PBXFileReference; lastKnownFileType = wrapper.dsym; path = Quick.framework.dSYM; sourceTree = "<group>"; };
		2A7943CA1EA89959009ED79B /* Alamofire.framework */ = {isa = PBXFileReference; lastKnownFileType = wrapper.framework; path = Alamofire.framework; sourceTree = "<group>"; };
		2A7943CB1EA89959009ED79B /* Alamofire.framework.dSYM */ = {isa = PBXFileReference; lastKnownFileType = wrapper.dsym; path = Alamofire.framework.dSYM; sourceTree = "<group>"; };
		2A7943CC1EA89959009ED79B /* F085824C-E011-3E41-915B-C46A99276594.bcsymbolmap */ = {isa = PBXFileReference; lastKnownFileType = text; path = "F085824C-E011-3E41-915B-C46A99276594.bcsymbolmap"; sourceTree = "<group>"; };
		2A7943D01EA899D9009ED79B /* 00D42C87-4096-36A9-B224-E6E692A8DD15.bcsymbolmap */ = {isa = PBXFileReference; lastKnownFileType = text; path = "00D42C87-4096-36A9-B224-E6E692A8DD15.bcsymbolmap"; sourceTree = "<group>"; };
		2A7943D11EA899D9009ED79B /* A3F05EC2-3A8F-30E3-974C-79D2EBFD1BF4.bcsymbolmap */ = {isa = PBXFileReference; lastKnownFileType = text; path = "A3F05EC2-3A8F-30E3-974C-79D2EBFD1BF4.bcsymbolmap"; sourceTree = "<group>"; };
		2A7943D21EA899D9009ED79B /* Alamofire.framework */ = {isa = PBXFileReference; lastKnownFileType = wrapper.framework; path = Alamofire.framework; sourceTree = "<group>"; };
		2A7943D31EA899D9009ED79B /* Alamofire.framework.dSYM */ = {isa = PBXFileReference; lastKnownFileType = wrapper.dsym; path = Alamofire.framework.dSYM; sourceTree = "<group>"; };
		2A7943D41EA899D9009ED79B /* Nimble.framework */ = {isa = PBXFileReference; lastKnownFileType = wrapper.framework; path = Nimble.framework; sourceTree = "<group>"; };
		2A7943D51EA899D9009ED79B /* Nimble.framework.dSYM */ = {isa = PBXFileReference; lastKnownFileType = wrapper.dsym; path = Nimble.framework.dSYM; sourceTree = "<group>"; };
		2A7943D61EA899D9009ED79B /* Quick.framework */ = {isa = PBXFileReference; lastKnownFileType = wrapper.framework; path = Quick.framework; sourceTree = "<group>"; };
		2A7943D71EA899D9009ED79B /* Quick.framework.dSYM */ = {isa = PBXFileReference; lastKnownFileType = wrapper.dsym; path = Quick.framework.dSYM; sourceTree = "<group>"; };
		2A7C26461E93916E00A7786A /* LiRestClient.swift */ = {isa = PBXFileReference; fileEncoding = 4; lastKnownFileType = sourcecode.swift; path = LiRestClient.swift; sourceTree = "<group>"; };
		2A7C264B1E9395EA00A7786A /* LiClientManager.swift */ = {isa = PBXFileReference; fileEncoding = 4; lastKnownFileType = sourcecode.swift; path = LiClientManager.swift; sourceTree = "<group>"; };
		2A7C264D1E93974500A7786A /* LiClient.swift */ = {isa = PBXFileReference; fileEncoding = 4; lastKnownFileType = sourcecode.swift; path = LiClient.swift; sourceTree = "<group>"; };
		2A7D8BB020480127009596BF /* LiUtils.swift */ = {isa = PBXFileReference; lastKnownFileType = sourcecode.swift; path = LiUtils.swift; sourceTree = "<group>"; };
		2A89A2AC201EF87000E3C693 /* KeychainItemAccessibility.swift */ = {isa = PBXFileReference; fileEncoding = 4; lastKnownFileType = sourcecode.swift; name = KeychainItemAccessibility.swift; path = Keychain/KeychainItemAccessibility.swift; sourceTree = "<group>"; };
		2A89A2AD201EF87000E3C693 /* KeychainWrapper.swift */ = {isa = PBXFileReference; fileEncoding = 4; lastKnownFileType = sourcecode.swift; name = KeychainWrapper.swift; path = Keychain/KeychainWrapper.swift; sourceTree = "<group>"; };
		2A9074981EFA61B700D4F2AF /* LiQueryConstants.swift */ = {isa = PBXFileReference; fileEncoding = 4; lastKnownFileType = sourcecode.swift; path = LiQueryConstants.swift; sourceTree = "<group>"; };
		2A90749B1EFA632800D4F2AF /* LiClientConfig.swift */ = {isa = PBXFileReference; fileEncoding = 4; lastKnownFileType = sourcecode.swift; path = LiClientConfig.swift; sourceTree = "<group>"; };
		2A9ECDCE200F482C00801C26 /* LiAuthorizationDelegate.swift */ = {isa = PBXFileReference; fileEncoding = 4; lastKnownFileType = sourcecode.swift; path = LiAuthorizationDelegate.swift; sourceTree = "<group>"; };
		2AA0AA131F0A3C1B0044DE45 /* LiBoard.swift */ = {isa = PBXFileReference; fileEncoding = 4; lastKnownFileType = sourcecode.swift; path = LiBoard.swift; sourceTree = "<group>"; };
		2AA0AA161F0A4FD20044DE45 /* LiUser.swift */ = {isa = PBXFileReference; fileEncoding = 4; lastKnownFileType = sourcecode.swift; path = LiUser.swift; sourceTree = "<group>"; };
		2AA0AA191F0A59660044DE45 /* LiMessageMetrics.swift */ = {isa = PBXFileReference; fileEncoding = 4; lastKnownFileType = sourcecode.swift; path = LiMessageMetrics.swift; sourceTree = "<group>"; };
		2AA0AA1C1F0A5B5F0044DE45 /* LiUserContext.swift */ = {isa = PBXFileReference; fileEncoding = 4; lastKnownFileType = sourcecode.swift; path = LiUserContext.swift; sourceTree = "<group>"; };
		2AA3B3461EC1BBCC0080CC76 /* LiSDKManager.swift */ = {isa = PBXFileReference; fileEncoding = 4; lastKnownFileType = sourcecode.swift; path = LiSDKManager.swift; sourceTree = "<group>"; };
		2AA3B34A1EC3128D0080CC76 /* LiAppCredentials.swift */ = {isa = PBXFileReference; fileEncoding = 4; lastKnownFileType = sourcecode.swift; path = LiAppCredentials.swift; sourceTree = "<group>"; };
		2AA3B34D1EC47F200080CC76 /* LiAuthService.swift */ = {isa = PBXFileReference; fileEncoding = 4; lastKnownFileType = sourcecode.swift; path = LiAuthService.swift; sourceTree = "<group>"; };
		2AA3B3501EC484E50080CC76 /* LiLoginViewController.swift */ = {isa = PBXFileReference; fileEncoding = 4; lastKnownFileType = sourcecode.swift; path = LiLoginViewController.swift; sourceTree = "<group>"; };
		2AAAD9B71E9C999C00E9C40F /* LiAvatar.swift */ = {isa = PBXFileReference; fileEncoding = 4; lastKnownFileType = sourcecode.swift; path = LiAvatar.swift; sourceTree = "<group>"; };
		2AAAD9BA1E9C9BE600E9C40F /* LiMessage.swift */ = {isa = PBXFileReference; fileEncoding = 4; lastKnownFileType = sourcecode.swift; path = LiMessage.swift; sourceTree = "<group>"; };
		2AAEC2D51F398A820094295A /* LiImageUpload.swift */ = {isa = PBXFileReference; fileEncoding = 4; lastKnownFileType = sourcecode.swift; path = LiImageUpload.swift; sourceTree = "<group>"; };
		2ACD227F2007AFDE00BD1961 /* LiRanking.swift */ = {isa = PBXFileReference; fileEncoding = 4; lastKnownFileType = sourcecode.swift; path = LiRanking.swift; sourceTree = "<group>"; };
		2AD4E25F1FB5989600184F3E /* LiQueryClause.swift */ = {isa = PBXFileReference; fileEncoding = 4; lastKnownFileType = sourcecode.swift; path = LiQueryClause.swift; sourceTree = "<group>"; };
		2AD700FF1E94FD1E0045D9EC /* Nimble.framework */ = {isa = PBXFileReference; lastKnownFileType = wrapper.framework; name = Nimble.framework; path = "Pods/../build/Debug-iphoneos/Nimble/Nimble.framework"; sourceTree = "<group>"; };
		2AD701001E94FD1E0045D9EC /* Quick.framework */ = {isa = PBXFileReference; lastKnownFileType = wrapper.framework; name = Quick.framework; path = "Pods/../build/Debug-iphoneos/Quick/Quick.framework"; sourceTree = "<group>"; };
		2AE3898E1FDA9B8000866588 /* LiAppSdkSettings.swift */ = {isa = PBXFileReference; fileEncoding = 4; lastKnownFileType = sourcecode.swift; path = LiAppSdkSettings.swift; sourceTree = "<group>"; };
		2AE389941FDE7A3300866588 /* LiAuthState.swift */ = {isa = PBXFileReference; fileEncoding = 4; lastKnownFileType = sourcecode.swift; path = LiAuthState.swift; sourceTree = "<group>"; };
		2AE389971FDFCE4A00866588 /* LiSSOAuthResponse.swift */ = {isa = PBXFileReference; fileEncoding = 4; lastKnownFileType = sourcecode.swift; path = LiSSOAuthResponse.swift; sourceTree = "<group>"; };
		2AE3899A1FDFDEDD00866588 /* LiCoreSDKConstants.swift */ = {isa = PBXFileReference; fileEncoding = 4; lastKnownFileType = sourcecode.swift; path = LiCoreSDKConstants.swift; sourceTree = "<group>"; };
		2AE3899D1FDFE0BB00866588 /* LiAuthRequestStore.swift */ = {isa = PBXFileReference; fileEncoding = 4; lastKnownFileType = sourcecode.swift; path = LiAuthRequestStore.swift; sourceTree = "<group>"; };
		2AE876E11EF2642000491680 /* LiQueryBuilder.swift */ = {isa = PBXFileReference; fileEncoding = 4; lastKnownFileType = sourcecode.swift; path = LiQueryBuilder.swift; sourceTree = "<group>"; };
		2AE876E81EF2745300491680 /* LiDefaultQueryHelper.swift */ = {isa = PBXFileReference; fileEncoding = 4; lastKnownFileType = sourcecode.swift; path = LiDefaultQueryHelper.swift; sourceTree = "<group>"; };
		2AE876EC1EF28CFA00491680 /* li_default_query_settings.json */ = {isa = PBXFileReference; fileEncoding = 4; lastKnownFileType = text.json; path = li_default_query_settings.json; sourceTree = "<group>"; };
		2AEAFB6A1E921A4B00514729 /* LiCoreSDK.framework */ = {isa = PBXFileReference; explicitFileType = wrapper.framework; includeInIndex = 0; path = LiCoreSDK.framework; sourceTree = BUILT_PRODUCTS_DIR; };
		2AEAFB6D1E921A4B00514729 /* LiCoreSDK.h */ = {isa = PBXFileReference; lastKnownFileType = sourcecode.c.h; path = LiCoreSDK.h; sourceTree = "<group>"; };
		2AEAFB6E1E921A4B00514729 /* Info.plist */ = {isa = PBXFileReference; lastKnownFileType = text.plist.xml; path = Info.plist; sourceTree = "<group>"; };
		2AEAFB731E921A4B00514729 /* LiCoreSDKTests.xctest */ = {isa = PBXFileReference; explicitFileType = wrapper.cfbundle; includeInIndex = 0; path = LiCoreSDKTests.xctest; sourceTree = BUILT_PRODUCTS_DIR; };
		2AEAFB7A1E921A4B00514729 /* Info.plist */ = {isa = PBXFileReference; lastKnownFileType = text.plist.xml; path = Info.plist; sourceTree = "<group>"; };
		2AF0409F2005D059000E81F0 /* LiSubscriptions.swift */ = {isa = PBXFileReference; fileEncoding = 4; lastKnownFileType = sourcecode.swift; path = LiSubscriptions.swift; sourceTree = "<group>"; };
		2AF633CC1EF12693008DACDF /* LiQuerySetting.swift */ = {isa = PBXFileReference; fileEncoding = 4; lastKnownFileType = sourcecode.swift; path = LiQuerySetting.swift; sourceTree = "<group>"; };
/* End PBXFileReference section */

/* Begin PBXFrameworksBuildPhase section */
		2AEAFB661E921A4B00514729 /* Frameworks */ = {
			isa = PBXFrameworksBuildPhase;
			buildActionMask = 2147483647;
			files = (
				2A7943D81EA899E5009ED79B /* Alamofire.framework in Frameworks */,
			);
			runOnlyForDeploymentPostprocessing = 0;
		};
		2AEAFB701E921A4B00514729 /* Frameworks */ = {
			isa = PBXFrameworksBuildPhase;
			buildActionMask = 2147483647;
			files = (
				2A8BF1E01EA9E18B00C3CF18 /* LiCoreSDK.framework in Frameworks */,
				2A7943CE1EA89976009ED79B /* Quick.framework in Frameworks */,
				2A7943CD1EA89966009ED79B /* Nimble.framework in Frameworks */,
			);
			runOnlyForDeploymentPostprocessing = 0;
		};
/* End PBXFrameworksBuildPhase section */

/* Begin PBXGroup section */
		2A1D91281FE3BF2600747EC5 /* Notification */ = {
			isa = PBXGroup;
			children = (
				2A1D91251FE3BF0500747EC5 /* LiNotificationManager.swift */,
			);
			path = Notification;
			sourceTree = "<group>";
		};
		2A553C6D1EBC6E55001BF346 /* InputModel */ = {
			isa = PBXGroup;
			children = (
				2A553C6E1EBC6E81001BF346 /* LiClientRequestParams.swift */,
			);
			name = InputModel;
			sourceTree = "<group>";
		};
		2A5694F91E9CD94100850867 /* Utils */ = {
			isa = PBXGroup;
			children = (
				2AE3898E1FDA9B8000866588 /* LiAppSdkSettings.swift */,
				2A553C691EBB3E83001BF346 /* LiBaseError.swift */,
				2A5694FD1E9CD95300850867 /* LiBaseResponse.swift */,
				2AE3899A1FDFDEDD00866588 /* LiCoreSDKConstants.swift */,
				2A7D8BB020480127009596BF /* LiUtils.swift */,
			);
			path = Utils;
			sourceTree = "<group>";
		};
		2A61B5061F3C72D500C0BDD0 /* Response Models */ = {
			isa = PBXGroup;
			children = (
				2A5A35411F2F1BC500A30565 /* LiImageResponse.swift */,
				2A05510E1F5837FC005C356F /* LiGenericQueryResponse.swift */,
			);
			name = "Response Models";
			sourceTree = "<group>";
		};
		2A682E4A1EADBD63004EDEAF /* Managers */ = {
			isa = PBXGroup;
			children = (
				2A682E4B1EADBD85004EDEAF /* LiAuthManager.swift */,
				2AA3B3461EC1BBCC0080CC76 /* LiSDKManager.swift */,
				2A7C264B1E9395EA00A7786A /* LiClientManager.swift */,
			);
			path = Managers;
			sourceTree = "<group>";
		};
		2A7943AD1EA89959009ED79B /* Build */ = {
			isa = PBXGroup;
			children = (
				2A7943AE1EA89959009ED79B /* .Alamofire.version */,
				2A7943AF1EA89959009ED79B /* .Nimble.version */,
				2A7943B01EA89959009ED79B /* .Quick.version */,
				2A7943B11EA89959009ED79B /* iOS */,
				2A7943BA1EA89959009ED79B /* Mac */,
				2A7943C11EA89959009ED79B /* tvOS */,
				2A7943C91EA89959009ED79B /* watchOS */,
			);
			name = Build;
			path = Carthage/Build;
			sourceTree = "<group>";
		};
		2A7943B11EA89959009ED79B /* iOS */ = {
			isa = PBXGroup;
			children = (
				2A7943B21EA89959009ED79B /* 00D42C87-4096-36A9-B224-E6E692A8DD15.bcsymbolmap */,
				2A7943B31EA89959009ED79B /* A3F05EC2-3A8F-30E3-974C-79D2EBFD1BF4.bcsymbolmap */,
				2A7943B41EA89959009ED79B /* Alamofire.framework */,
				2A7943B51EA89959009ED79B /* Alamofire.framework.dSYM */,
				2A7943B61EA89959009ED79B /* Nimble.framework */,
				2A7943B71EA89959009ED79B /* Nimble.framework.dSYM */,
				2A7943B81EA89959009ED79B /* Quick.framework */,
				2A7943B91EA89959009ED79B /* Quick.framework.dSYM */,
			);
			path = iOS;
			sourceTree = "<group>";
		};
		2A7943BA1EA89959009ED79B /* Mac */ = {
			isa = PBXGroup;
			children = (
				2A7943BB1EA89959009ED79B /* Alamofire.framework */,
				2A7943BC1EA89959009ED79B /* Alamofire.framework.dSYM */,
				2A7943BD1EA89959009ED79B /* Nimble.framework */,
				2A7943BE1EA89959009ED79B /* Nimble.framework.dSYM */,
				2A7943BF1EA89959009ED79B /* Quick.framework */,
				2A7943C01EA89959009ED79B /* Quick.framework.dSYM */,
			);
			path = Mac;
			sourceTree = "<group>";
		};
		2A7943C11EA89959009ED79B /* tvOS */ = {
			isa = PBXGroup;
			children = (
				2A7943C21EA89959009ED79B /* 097491BC-DFCB-34C1-9E6F-D56B8BA5B342.bcsymbolmap */,
				2A7943C31EA89959009ED79B /* Alamofire.framework */,
				2A7943C41EA89959009ED79B /* Alamofire.framework.dSYM */,
				2A7943C51EA89959009ED79B /* Nimble.framework */,
				2A7943C61EA89959009ED79B /* Nimble.framework.dSYM */,
				2A7943C71EA89959009ED79B /* Quick.framework */,
				2A7943C81EA89959009ED79B /* Quick.framework.dSYM */,
			);
			path = tvOS;
			sourceTree = "<group>";
		};
		2A7943C91EA89959009ED79B /* watchOS */ = {
			isa = PBXGroup;
			children = (
				2A7943CA1EA89959009ED79B /* Alamofire.framework */,
				2A7943CB1EA89959009ED79B /* Alamofire.framework.dSYM */,
				2A7943CC1EA89959009ED79B /* F085824C-E011-3E41-915B-C46A99276594.bcsymbolmap */,
			);
			path = watchOS;
			sourceTree = "<group>";
		};
		2A7943CF1EA899D9009ED79B /* iOS */ = {
			isa = PBXGroup;
			children = (
				2A7943D01EA899D9009ED79B /* 00D42C87-4096-36A9-B224-E6E692A8DD15.bcsymbolmap */,
				2A7943D11EA899D9009ED79B /* A3F05EC2-3A8F-30E3-974C-79D2EBFD1BF4.bcsymbolmap */,
				2A7943D21EA899D9009ED79B /* Alamofire.framework */,
				2A7943D31EA899D9009ED79B /* Alamofire.framework.dSYM */,
				2A7943D41EA899D9009ED79B /* Nimble.framework */,
				2A7943D51EA899D9009ED79B /* Nimble.framework.dSYM */,
				2A7943D61EA899D9009ED79B /* Quick.framework */,
				2A7943D71EA899D9009ED79B /* Quick.framework.dSYM */,
			);
			name = iOS;
			path = Carthage/Build/iOS;
			sourceTree = "<group>";
		};
		2A89A2AB201EF85B00E3C693 /* Keychain */ = {
			isa = PBXGroup;
			children = (
				2A89A2AC201EF87000E3C693 /* KeychainItemAccessibility.swift */,
				2A89A2AD201EF87000E3C693 /* KeychainWrapper.swift */,
			);
			name = Keychain;
			sourceTree = "<group>";
		};
		2AA0AA121F0A3C040044DE45 /* Helpers */ = {
			isa = PBXGroup;
			children = (
				2AA0AA131F0A3C1B0044DE45 /* LiBoard.swift */,
				2AA0AA161F0A4FD20044DE45 /* LiUser.swift */,
				2AA0AA191F0A59660044DE45 /* LiMessageMetrics.swift */,
				2AA0AA1C1F0A5B5F0044DE45 /* LiUserContext.swift */,
				2A5695031E9E1C9A00850867 /* LiKudoMetrics.swift */,
				2A2ABBA720037511001907C1 /* LiModerationStatus.swift */,
				2AAAD9B71E9C999C00E9C40F /* LiAvatar.swift */,
				2ACD227F2007AFDE00BD1961 /* LiRanking.swift */,
				2A2309BA2007BC84002090D1 /* LiImage.swift */,
				2A2309BD2007C02A002090D1 /* LiRankingDisplay.swift */,
				2A2309C02007C075002090D1 /* LiImageMetaData.swift */,
			);
			name = Helpers;
			sourceTree = "<group>";
		};
		2AA3B3491EC312750080CC76 /* Auth */ = {
			isa = PBXGroup;
			children = (
				2AA3B34A1EC3128D0080CC76 /* LiAppCredentials.swift */,
				2AA3B34D1EC47F200080CC76 /* LiAuthService.swift */,
				2AA3B3501EC484E50080CC76 /* LiLoginViewController.swift */,
				2AE389941FDE7A3300866588 /* LiAuthState.swift */,
				2AE389971FDFCE4A00866588 /* LiSSOAuthResponse.swift */,
				2AE3899D1FDFE0BB00866588 /* LiAuthRequestStore.swift */,
				2A9ECDCE200F482C00801C26 /* LiAuthorizationDelegate.swift */,
			);
			path = Auth;
			sourceTree = "<group>";
		};
		2AAAD9B01E9C989900E9C40F /* Networking */ = {
			isa = PBXGroup;
			children = (
				2A90749B1EFA632800D4F2AF /* LiClientConfig.swift */,
				2A0BC7211EB9C898001F0118 /* LiNetworkUtils.swift */,
				2A7C264D1E93974500A7786A /* LiClient.swift */,
				2A7C26461E93916E00A7786A /* LiRestClient.swift */,
				2A553C641EB9CD37001BF346 /* SSOHandler.swift */,
				2AAEC2D51F398A820094295A /* LiImageUpload.swift */,
				2A69BEB71FAC643C004682A6 /* LiRestResponse.swift */,
			);
			path = Networking;
			sourceTree = "<group>";
		};
		2AAAD9B41E9C98B000E9C40F /* Models */ = {
			isa = PBXGroup;
			children = (
				2A61B5061F3C72D500C0BDD0 /* Response Models */,
				2AA0AA121F0A3C040044DE45 /* Helpers */,
				2A553C6D1EBC6E55001BF346 /* InputModel */,
				2A0551111F611156005C356F /* LiBrowse.swift */,
				2AAAD9BA1E9C9BE600E9C40F /* LiMessage.swift */,
				2A5695001E9E1C7C00850867 /* LiConversation.swift */,
				2A1C95EF1F7A4999006FC224 /* LiFloatedMessage.swift */,
				2AF0409F2005D059000E81F0 /* LiSubscriptions.swift */,
			);
			path = Models;
			sourceTree = "<group>";
		};
		2AE876EB1EF28CC300491680 /* Resources */ = {
			isa = PBXGroup;
			children = (
				2AE876EC1EF28CFA00491680 /* li_default_query_settings.json */,
			);
			path = Resources;
			sourceTree = "<group>";
		};
		2AEAFB601E921A4B00514729 = {
			isa = PBXGroup;
			children = (
				2AEAFB6C1E921A4B00514729 /* LiCoreSDK */,
				2AEAFB771E921A4B00514729 /* LiCoreSDKTests */,
				2AEAFB6B1E921A4B00514729 /* Products */,
				8B55B0B4CC2EAD16F06E4E3E /* Frameworks */,
			);
			sourceTree = "<group>";
		};
		2AEAFB6B1E921A4B00514729 /* Products */ = {
			isa = PBXGroup;
			children = (
				2AEAFB6A1E921A4B00514729 /* LiCoreSDK.framework */,
				2AEAFB731E921A4B00514729 /* LiCoreSDKTests.xctest */,
			);
			name = Products;
			sourceTree = "<group>";
		};
		2AEAFB6C1E921A4B00514729 /* LiCoreSDK */ = {
			isa = PBXGroup;
			children = (
				2A89A2AB201EF85B00E3C693 /* Keychain */,
				2A1D91281FE3BF2600747EC5 /* Notification */,
				2AE876EB1EF28CC300491680 /* Resources */,
				2AA3B3491EC312750080CC76 /* Auth */,
				2A682E4A1EADBD63004EDEAF /* Managers */,
				2A5694F91E9CD94100850867 /* Utils */,
				2AAAD9B41E9C98B000E9C40F /* Models */,
				2AF633CB1EF11172008DACDF /* QueryUtil */,
				2AAAD9B01E9C989900E9C40F /* Networking */,
				2AEAFB6D1E921A4B00514729 /* LiCoreSDK.h */,
				2AEAFB6E1E921A4B00514729 /* Info.plist */,
			);
			path = LiCoreSDK;
			sourceTree = "<group>";
		};
		2AEAFB771E921A4B00514729 /* LiCoreSDKTests */ = {
			isa = PBXGroup;
			children = (
				2AF040A22005D457000E81F0 /* ModelTests */,
				2AEAFB7A1E921A4B00514729 /* Info.plist */,
				2A63415B203EC31A0057D9A3 /* LiClientRequestParamsTests.swift */,
			);
			path = LiCoreSDKTests;
			sourceTree = "<group>";
		};
		2AF040A22005D457000E81F0 /* ModelTests */ = {
			isa = PBXGroup;
			children = (
				2A13550420455B870001A6D9 /* keanu.jpg */,
			);
			name = ModelTests;
			sourceTree = "<group>";
		};
		2AF633CB1EF11172008DACDF /* QueryUtil */ = {
			isa = PBXGroup;
			children = (
				2AF633CC1EF12693008DACDF /* LiQuerySetting.swift */,
				2AE876E11EF2642000491680 /* LiQueryBuilder.swift */,
				2AE876E81EF2745300491680 /* LiDefaultQueryHelper.swift */,
				2A9074981EFA61B700D4F2AF /* LiQueryConstants.swift */,
				2AD4E25F1FB5989600184F3E /* LiQueryClause.swift */,
			);
			path = QueryUtil;
			sourceTree = "<group>";
		};
		8B55B0B4CC2EAD16F06E4E3E /* Frameworks */ = {
			isa = PBXGroup;
			children = (
				2A7943CF1EA899D9009ED79B /* iOS */,
				2A7943AD1EA89959009ED79B /* Build */,
				2A7943A61EA8983E009ED79B /* Nimble.framework */,
				2A7943A71EA8983E009ED79B /* Quick.framework */,
				2A7943A31EA890A5009ED79B /* Alamofire.framework */,
				2AD700FF1E94FD1E0045D9EC /* Nimble.framework */,
				2AD701001E94FD1E0045D9EC /* Quick.framework */,
			);
			name = Frameworks;
			sourceTree = "<group>";
		};
/* End PBXGroup section */

/* Begin PBXHeadersBuildPhase section */
		2AEAFB671E921A4B00514729 /* Headers */ = {
			isa = PBXHeadersBuildPhase;
			buildActionMask = 2147483647;
			files = (
				2AEAFB7B1E921A4B00514729 /* LiCoreSDK.h in Headers */,
			);
			runOnlyForDeploymentPostprocessing = 0;
		};
/* End PBXHeadersBuildPhase section */

/* Begin PBXNativeTarget section */
		2AEAFB691E921A4B00514729 /* LiCoreSDK */ = {
			isa = PBXNativeTarget;
			buildConfigurationList = 2AEAFB7E1E921A4B00514729 /* Build configuration list for PBXNativeTarget "LiCoreSDK" */;
			buildPhases = (
				2AEAFB651E921A4B00514729 /* Sources */,
				2AEAFB661E921A4B00514729 /* Frameworks */,
				2AEAFB671E921A4B00514729 /* Headers */,
				2AEAFB681E921A4B00514729 /* Resources */,
				2A7943A51EA8914E009ED79B /* ShellScript */,
				2AA3B3451EC191330080CC76 /* ShellScript */,
			);
			buildRules = (
			);
			dependencies = (
			);
			name = LiCoreSDK;
			productName = "li-ios-sdk-core";
			productReference = 2AEAFB6A1E921A4B00514729 /* LiCoreSDK.framework */;
			productType = "com.apple.product-type.framework";
		};
		2AEAFB721E921A4B00514729 /* LiCoreSDKTests */ = {
			isa = PBXNativeTarget;
			buildConfigurationList = 2AEAFB811E921A4B00514729 /* Build configuration list for PBXNativeTarget "LiCoreSDKTests" */;
			buildPhases = (
				2AEAFB6F1E921A4B00514729 /* Sources */,
				2AEAFB701E921A4B00514729 /* Frameworks */,
				2AEAFB711E921A4B00514729 /* Resources */,
				2A7943AA1EA898D7009ED79B /* CopyFiles */,
				2A1F33811EA9D08F00DB1808 /* ShellScript */,
			);
			buildRules = (
			);
			dependencies = (
				2A1F33831EA9D1C000DB1808 /* PBXTargetDependency */,
			);
			name = LiCoreSDKTests;
			productName = "li-ios-sdk-coreTests";
			productReference = 2AEAFB731E921A4B00514729 /* LiCoreSDKTests.xctest */;
			productType = "com.apple.product-type.bundle.unit-test";
		};
/* End PBXNativeTarget section */

/* Begin PBXProject section */
		2AEAFB611E921A4B00514729 /* Project object */ = {
			isa = PBXProject;
			attributes = {
				LastSwiftUpdateCheck = 0830;
				LastUpgradeCheck = 0830;
				ORGANIZATIONNAME = "Shekhar Dahore";
				TargetAttributes = {
					2AEAFB691E921A4B00514729 = {
						CreatedOnToolsVersion = 8.3;
						DevelopmentTeam = DD62CH3UG6;
						LastSwiftMigration = 0830;
						ProvisioningStyle = Automatic;
					};
					2AEAFB721E921A4B00514729 = {
						CreatedOnToolsVersion = 8.3;
						DevelopmentTeam = NNT4YXH3R5;
						ProvisioningStyle = Automatic;
					};
				};
			};
			buildConfigurationList = 2AEAFB641E921A4B00514729 /* Build configuration list for PBXProject "LiCoreSDK" */;
			compatibilityVersion = "Xcode 3.2";
			developmentRegion = English;
			hasScannedForEncodings = 0;
			knownRegions = (
				en,
			);
			mainGroup = 2AEAFB601E921A4B00514729;
			productRefGroup = 2AEAFB6B1E921A4B00514729 /* Products */;
			projectDirPath = "";
			projectRoot = "";
			targets = (
				2AEAFB691E921A4B00514729 /* LiCoreSDK */,
				2AEAFB721E921A4B00514729 /* LiCoreSDKTests */,
			);
		};
/* End PBXProject section */

/* Begin PBXResourcesBuildPhase section */
		2AEAFB681E921A4B00514729 /* Resources */ = {
			isa = PBXResourcesBuildPhase;
			buildActionMask = 2147483647;
			files = (
				2AE876ED1EF28CFA00491680 /* li_default_query_settings.json in Resources */,
			);
			runOnlyForDeploymentPostprocessing = 0;
		};
		2AEAFB711E921A4B00514729 /* Resources */ = {
			isa = PBXResourcesBuildPhase;
			buildActionMask = 2147483647;
			files = (
				2A13550520455B870001A6D9 /* keanu.jpg in Resources */,
				2AE876EE1EF28CFA00491680 /* li_default_query_settings.json in Resources */,
			);
			runOnlyForDeploymentPostprocessing = 0;
		};
/* End PBXResourcesBuildPhase section */

/* Begin PBXShellScriptBuildPhase section */
		2A1F33811EA9D08F00DB1808 /* ShellScript */ = {
			isa = PBXShellScriptBuildPhase;
			buildActionMask = 2147483647;
			files = (
			);
			inputPaths = (
				"$(SRCROOT)/Carthage/Build/iOS/Quick.framework",
				"$(SRCROOT)/Carthage/Build/iOS/Nimble.framework",
				"$(SRCROOT)/Carthage/Build/iOS/Alamofire.framework",
			);
			outputPaths = (
			);
			runOnlyForDeploymentPostprocessing = 0;
			shellPath = /bin/sh;
			shellScript = "/usr/local/bin/carthage copy-frameworks";
		};
		2A7943A51EA8914E009ED79B /* ShellScript */ = {
			isa = PBXShellScriptBuildPhase;
			buildActionMask = 12;
			files = (
			);
			inputPaths = (
				"$(SRCROOT)/Carthage/Build/iOS/Alamofire.framework",
			);
			outputPaths = (
			);
			runOnlyForDeploymentPostprocessing = 0;
			shellPath = /bin/sh;
			shellScript = "/usr/local/bin/carthage copy-frameworks\n";
		};
		2AA3B3451EC191330080CC76 /* ShellScript */ = {
			isa = PBXShellScriptBuildPhase;
			buildActionMask = 2147483647;
			files = (
			);
			inputPaths = (
			);
			outputPaths = (
			);
			runOnlyForDeploymentPostprocessing = 0;
			shellPath = /bin/sh;
			shellScript = "#if which swiftlint >/dev/null; then\n#swiftlint\n#else\n#echo \"warning: SwiftLint not installed, download from https://github.com/realm/SwiftLint\"\n#fi";
		};
/* End PBXShellScriptBuildPhase section */

/* Begin PBXSourcesBuildPhase section */
		2AEAFB651E921A4B00514729 /* Sources */ = {
			isa = PBXSourcesBuildPhase;
			buildActionMask = 2147483647;
			files = (
				2AE3899E1FDFE0BB00866588 /* LiAuthRequestStore.swift in Sources */,
				2AA0AA1A1F0A59660044DE45 /* LiMessageMetrics.swift in Sources */,
				2AF633CD1EF12693008DACDF /* LiQuerySetting.swift in Sources */,
				2A2ABBA820037511001907C1 /* LiModerationStatus.swift in Sources */,
				2AE389951FDE7A3300866588 /* LiAuthState.swift in Sources */,
				2A7D8BB120480127009596BF /* LiUtils.swift in Sources */,
				2A90749C1EFA632800D4F2AF /* LiClientConfig.swift in Sources */,
				2A69BEB81FAC643C004682A6 /* LiRestResponse.swift in Sources */,
				2A682E4C1EADBD85004EDEAF /* LiAuthManager.swift in Sources */,
				2A9ECDCF200F482C00801C26 /* LiAuthorizationDelegate.swift in Sources */,
				2A553C6F1EBC6E81001BF346 /* LiClientRequestParams.swift in Sources */,
				2AAAD9BB1E9C9BE600E9C40F /* LiMessage.swift in Sources */,
				2AA0AA171F0A4FD20044DE45 /* LiUser.swift in Sources */,
				2A1C95F01F7A4999006FC224 /* LiFloatedMessage.swift in Sources */,
				2AD4E2601FB5989600184F3E /* LiQueryClause.swift in Sources */,
				2AA3B34B1EC3128D0080CC76 /* LiAppCredentials.swift in Sources */,
				2AA3B34E1EC47F200080CC76 /* LiAuthService.swift in Sources */,
				2A05510F1F5837FC005C356F /* LiGenericQueryResponse.swift in Sources */,
				2A553C6A1EBB3E83001BF346 /* LiBaseError.swift in Sources */,
				2A5694FE1E9CD95300850867 /* LiBaseResponse.swift in Sources */,
				2AAAD9B81E9C999C00E9C40F /* LiAvatar.swift in Sources */,
				2A7C26471E93916E00A7786A /* LiRestClient.swift in Sources */,
				2A89A2AE201EF87000E3C693 /* KeychainItemAccessibility.swift in Sources */,
				2AE876E21EF2642000491680 /* LiQueryBuilder.swift in Sources */,
				2A0551121F611156005C356F /* LiBrowse.swift in Sources */,
				2A5695041E9E1C9A00850867 /* LiKudoMetrics.swift in Sources */,
				2A2309C12007C075002090D1 /* LiImageMetaData.swift in Sources */,
				2A7C264E1E93974500A7786A /* LiClient.swift in Sources */,
				2AE876E91EF2745300491680 /* LiDefaultQueryHelper.swift in Sources */,
				2A2309BE2007C02A002090D1 /* LiRankingDisplay.swift in Sources */,
				2AA0AA141F0A3C1B0044DE45 /* LiBoard.swift in Sources */,
				2A7C264C1E9395EA00A7786A /* LiClientManager.swift in Sources */,
				2A5A35421F2F1BC500A30565 /* LiImageResponse.swift in Sources */,
				2A553C651EB9CD37001BF346 /* SSOHandler.swift in Sources */,
				2AAEC2D61F398A820094295A /* LiImageUpload.swift in Sources */,
				2AF040A02005D059000E81F0 /* LiSubscriptions.swift in Sources */,
				2AA3B3511EC484E50080CC76 /* LiLoginViewController.swift in Sources */,
				2A1D91261FE3BF0500747EC5 /* LiNotificationManager.swift in Sources */,
				2AE389981FDFCE4A00866588 /* LiSSOAuthResponse.swift in Sources */,
				2AE3898F1FDA9B8000866588 /* LiAppSdkSettings.swift in Sources */,
				2A0BC7221EB9C898001F0118 /* LiNetworkUtils.swift in Sources */,
				2A5695011E9E1C7C00850867 /* LiConversation.swift in Sources */,
				2A2309BB2007BC84002090D1 /* LiImage.swift in Sources */,
				2ACD22802007AFDE00BD1961 /* LiRanking.swift in Sources */,
				2AE3899B1FDFDEDD00866588 /* LiCoreSDKConstants.swift in Sources */,
				2A9074991EFA61B700D4F2AF /* LiQueryConstants.swift in Sources */,
				2A89A2B0201EF87000E3C693 /* KeychainWrapper.swift in Sources */,
				2AA3B3471EC1BBCC0080CC76 /* LiSDKManager.swift in Sources */,
				2AA0AA1D1F0A5B5F0044DE45 /* LiUserContext.swift in Sources */,
			);
			runOnlyForDeploymentPostprocessing = 0;
		};
		2AEAFB6F1E921A4B00514729 /* Sources */ = {
			isa = PBXSourcesBuildPhase;
			buildActionMask = 2147483647;
			files = (
				2A1C95F11F7A4999006FC224 /* LiFloatedMessage.swift in Sources */,
				2AAAD9BC1E9C9BE600E9C40F /* LiMessage.swift in Sources */,
				2AE876E41EF2642E00491680 /* LiQueryBuilder.swift in Sources */,
				2AA3B3481EC1BBCC0080CC76 /* LiSDKManager.swift in Sources */,
				2ACD22812007AFDE00BD1961 /* LiRanking.swift in Sources */,
				2A2309BC2007BC84002090D1 /* LiImage.swift in Sources */,
				2A553C661EB9D186001BF346 /* LiNetworkUtils.swift in Sources */,
				2A0551131F611156005C356F /* LiBrowse.swift in Sources */,
				2A89A2B1201EF87000E3C693 /* KeychainWrapper.swift in Sources */,
				2AE3899F1FDFE0BB00866588 /* LiAuthRequestStore.swift in Sources */,
				2A61B50A1F46F4B500C0BDD0 /* LiImageResponse.swift in Sources */,
				2A682E4D1EADBD85004EDEAF /* LiAuthManager.swift in Sources */,
				2AA0AA1E1F0A5B5F0044DE45 /* LiUserContext.swift in Sources */,
				2AF040A12005D059000E81F0 /* LiSubscriptions.swift in Sources */,
				2AD7010F1E9511AE0045D9EC /* LiClientManager.swift in Sources */,
				2AD701111E9513C30045D9EC /* LiClient.swift in Sources */,
				2A63415C203EC31A0057D9A3 /* LiClientRequestParamsTests.swift in Sources */,
				2A90749D1EFA632800D4F2AF /* LiClientConfig.swift in Sources */,
				2A89A2AF201EF87000E3C693 /* KeychainItemAccessibility.swift in Sources */,
				2AA0AA1B1F0A59660044DE45 /* LiMessageMetrics.swift in Sources */,
				2A553C6B1EBB3F8F001BF346 /* LiBaseError.swift in Sources */,
				2A9ECDD0200F482C00801C26 /* LiAuthorizationDelegate.swift in Sources */,
				2AD701101E9513BF0045D9EC /* LiRestClient.swift in Sources */,
				2AA0AA151F0A3C1B0044DE45 /* LiBoard.swift in Sources */,
				2A90749A1EFA61B700D4F2AF /* LiQueryConstants.swift in Sources */,
				2A0551101F5837FC005C356F /* LiGenericQueryResponse.swift in Sources */,
				2A2309BF2007C02A002090D1 /* LiRankingDisplay.swift in Sources */,
				2AA3B34F1EC47F200080CC76 /* LiAuthService.swift in Sources */,
				2A5695021E9E1C7C00850867 /* LiConversation.swift in Sources */,
				2AAEC2D71F398A880094295A /* LiImageUpload.swift in Sources */,
				2AA3B3521EC484E50080CC76 /* LiLoginViewController.swift in Sources */,
				2AE389961FDE7A3300866588 /* LiAuthState.swift in Sources */,
				2A5695051E9E1C9A00850867 /* LiKudoMetrics.swift in Sources */,
				2A2ABBA920037511001907C1 /* LiModerationStatus.swift in Sources */,
				2A5694FF1E9CD95300850867 /* LiBaseResponse.swift in Sources */,
				2AE389991FDFCE4A00866588 /* LiSSOAuthResponse.swift in Sources */,
				2A2E33AC204FD33600EDEAFE /* LiUtils.swift in Sources */,
				2AA0AA181F0A4FD20044DE45 /* LiUser.swift in Sources */,
				2AE3899C1FDFDEDD00866588 /* LiCoreSDKConstants.swift in Sources */,
				2A69BEB91FAC643C004682A6 /* LiRestResponse.swift in Sources */,
				2AE876EA1EF2745300491680 /* LiDefaultQueryHelper.swift in Sources */,
				2AD4E2611FB5989600184F3E /* LiQueryClause.swift in Sources */,
				2AAAD9B91E9C999C00E9C40F /* LiAvatar.swift in Sources */,
				2AA3B34C1EC3128D0080CC76 /* LiAppCredentials.swift in Sources */,
				2AE389901FDA9B8000866588 /* LiAppSdkSettings.swift in Sources */,
				2A2309C22007C075002090D1 /* LiImageMetaData.swift in Sources */,
				2AE876E31EF2642B00491680 /* LiQuerySetting.swift in Sources */,
				2A553C681EB9D190001BF346 /* SSOHandler.swift in Sources */,
				2A1D91271FE3BF0500747EC5 /* LiNotificationManager.swift in Sources */,
				2AA3B33F1EC04C720080CC76 /* LiClientRequestParams.swift in Sources */,
			);
			runOnlyForDeploymentPostprocessing = 0;
		};
/* End PBXSourcesBuildPhase section */

/* Begin PBXTargetDependency section */
		2A1F33831EA9D1C000DB1808 /* PBXTargetDependency */ = {
			isa = PBXTargetDependency;
			target = 2AEAFB691E921A4B00514729 /* LiCoreSDK */;
			targetProxy = 2A1F33821EA9D1C000DB1808 /* PBXContainerItemProxy */;
		};
/* End PBXTargetDependency section */

/* Begin XCBuildConfiguration section */
		2AEAFB7C1E921A4B00514729 /* Debug */ = {
			isa = XCBuildConfiguration;
			buildSettings = {
				ALWAYS_SEARCH_USER_PATHS = NO;
				CLANG_ANALYZER_NONNULL = YES;
				CLANG_ANALYZER_NUMBER_OBJECT_CONVERSION = YES_AGGRESSIVE;
				CLANG_CXX_LANGUAGE_STANDARD = "gnu++0x";
				CLANG_CXX_LIBRARY = "libc++";
				CLANG_ENABLE_MODULES = YES;
				CLANG_ENABLE_OBJC_ARC = YES;
				CLANG_WARN_BOOL_CONVERSION = YES;
				CLANG_WARN_CONSTANT_CONVERSION = YES;
				CLANG_WARN_DIRECT_OBJC_ISA_USAGE = YES_ERROR;
				CLANG_WARN_DOCUMENTATION_COMMENTS = YES;
				CLANG_WARN_EMPTY_BODY = YES;
				CLANG_WARN_ENUM_CONVERSION = YES;
				CLANG_WARN_INFINITE_RECURSION = YES;
				CLANG_WARN_INT_CONVERSION = YES;
				CLANG_WARN_OBJC_ROOT_CLASS = YES_ERROR;
				CLANG_WARN_SUSPICIOUS_MOVE = YES;
				CLANG_WARN_UNREACHABLE_CODE = YES;
				CLANG_WARN__DUPLICATE_METHOD_MATCH = YES;
				"CODE_SIGN_IDENTITY[sdk=iphoneos*]" = "iPhone Developer";
				COPY_PHASE_STRIP = NO;
				CURRENT_PROJECT_VERSION = 1;
				DEBUG_INFORMATION_FORMAT = dwarf;
				ENABLE_STRICT_OBJC_MSGSEND = YES;
				ENABLE_TESTABILITY = YES;
				GCC_C_LANGUAGE_STANDARD = gnu99;
				GCC_DYNAMIC_NO_PIC = NO;
				GCC_NO_COMMON_BLOCKS = YES;
				GCC_OPTIMIZATION_LEVEL = 0;
				GCC_PREPROCESSOR_DEFINITIONS = (
					"DEBUG=1",
					"$(inherited)",
				);
				GCC_WARN_64_TO_32_BIT_CONVERSION = YES;
				GCC_WARN_ABOUT_RETURN_TYPE = YES_ERROR;
				GCC_WARN_UNDECLARED_SELECTOR = YES;
				GCC_WARN_UNINITIALIZED_AUTOS = YES_AGGRESSIVE;
				GCC_WARN_UNUSED_FUNCTION = YES;
				GCC_WARN_UNUSED_VARIABLE = YES;
				IPHONEOS_DEPLOYMENT_TARGET = 9.0;
				MTL_ENABLE_DEBUG_INFO = YES;
				ONLY_ACTIVE_ARCH = YES;
				SDKROOT = iphoneos;
				SWIFT_ACTIVE_COMPILATION_CONDITIONS = DEBUG;
				SWIFT_OPTIMIZATION_LEVEL = "-Onone";
				SWIFT_VERSION = 3.0;
				TARGETED_DEVICE_FAMILY = "1,2";
				VERSIONING_SYSTEM = "apple-generic";
				VERSION_INFO_PREFIX = "";
			};
			name = Debug;
		};
		2AEAFB7D1E921A4B00514729 /* Release */ = {
			isa = XCBuildConfiguration;
			buildSettings = {
				ALWAYS_SEARCH_USER_PATHS = NO;
				CLANG_ANALYZER_NONNULL = YES;
				CLANG_ANALYZER_NUMBER_OBJECT_CONVERSION = YES_AGGRESSIVE;
				CLANG_CXX_LANGUAGE_STANDARD = "gnu++0x";
				CLANG_CXX_LIBRARY = "libc++";
				CLANG_ENABLE_MODULES = YES;
				CLANG_ENABLE_OBJC_ARC = YES;
				CLANG_WARN_BOOL_CONVERSION = YES;
				CLANG_WARN_CONSTANT_CONVERSION = YES;
				CLANG_WARN_DIRECT_OBJC_ISA_USAGE = YES_ERROR;
				CLANG_WARN_DOCUMENTATION_COMMENTS = YES;
				CLANG_WARN_EMPTY_BODY = YES;
				CLANG_WARN_ENUM_CONVERSION = YES;
				CLANG_WARN_INFINITE_RECURSION = YES;
				CLANG_WARN_INT_CONVERSION = YES;
				CLANG_WARN_OBJC_ROOT_CLASS = YES_ERROR;
				CLANG_WARN_SUSPICIOUS_MOVE = YES;
				CLANG_WARN_UNREACHABLE_CODE = YES;
				CLANG_WARN__DUPLICATE_METHOD_MATCH = YES;
				"CODE_SIGN_IDENTITY[sdk=iphoneos*]" = "iPhone Developer";
				COPY_PHASE_STRIP = NO;
				CURRENT_PROJECT_VERSION = 1;
				DEBUG_INFORMATION_FORMAT = "dwarf-with-dsym";
				ENABLE_NS_ASSERTIONS = NO;
				ENABLE_STRICT_OBJC_MSGSEND = YES;
				GCC_C_LANGUAGE_STANDARD = gnu99;
				GCC_NO_COMMON_BLOCKS = YES;
				GCC_WARN_64_TO_32_BIT_CONVERSION = YES;
				GCC_WARN_ABOUT_RETURN_TYPE = YES_ERROR;
				GCC_WARN_UNDECLARED_SELECTOR = YES;
				GCC_WARN_UNINITIALIZED_AUTOS = YES_AGGRESSIVE;
				GCC_WARN_UNUSED_FUNCTION = YES;
				GCC_WARN_UNUSED_VARIABLE = YES;
				IPHONEOS_DEPLOYMENT_TARGET = 9.0;
				MTL_ENABLE_DEBUG_INFO = NO;
				SDKROOT = iphoneos;
				SWIFT_OPTIMIZATION_LEVEL = "-Owholemodule";
				SWIFT_VERSION = 3.0;
				TARGETED_DEVICE_FAMILY = "1,2";
				VALIDATE_PRODUCT = YES;
				VERSIONING_SYSTEM = "apple-generic";
				VERSION_INFO_PREFIX = "";
			};
			name = Release;
		};
		2AEAFB7F1E921A4B00514729 /* Debug */ = {
			isa = XCBuildConfiguration;
			buildSettings = {
				ALWAYS_EMBED_SWIFT_STANDARD_LIBRARIES = YES;
				CLANG_ENABLE_MODULES = YES;
				CODE_SIGN_IDENTITY = "";
				"CODE_SIGN_IDENTITY[sdk=iphoneos*]" = "iPhone Developer";
				DEFINES_MODULE = YES;
				DEVELOPMENT_TEAM = DD62CH3UG6;
				DYLIB_COMPATIBILITY_VERSION = 1;
				DYLIB_CURRENT_VERSION = 1;
				DYLIB_INSTALL_NAME_BASE = "@rpath";
				FRAMEWORK_SEARCH_PATHS = (
					"$(inherited)",
					"$(PROJECT_DIR)",
					"$(PROJECT_DIR)/Carthage/Build/iOS",
				);
				INFOPLIST_FILE = LiCoreSDK/Info.plist;
				INSTALL_PATH = "$(LOCAL_LIBRARY_DIR)/Frameworks";
				IPHONEOS_DEPLOYMENT_TARGET = 9.0;
				LD_RUNPATH_SEARCH_PATHS = "$(inherited) @executable_path/Frameworks @loader_path/Frameworks";
				OTHER_SWIFT_FLAGS = "-Xfrontend -warn-long-function-bodies=100 -D DEBUG -Xfrontend -debug-time-function-bodies";
				PRODUCT_BUNDLE_IDENTIFIER = Lithium.LiCoreSDK;
				PRODUCT_NAME = LiCoreSDK;
				SKIP_INSTALL = YES;
				SWIFT_OPTIMIZATION_LEVEL = "-Onone";
				SWIFT_VERSION = 3.0;
				"TEST_HOST[sdk=*]" = "";
			};
			name = Debug;
		};
		2AEAFB801E921A4B00514729 /* Release */ = {
			isa = XCBuildConfiguration;
			buildSettings = {
				ALWAYS_EMBED_SWIFT_STANDARD_LIBRARIES = YES;
				CLANG_ENABLE_MODULES = YES;
				CODE_SIGN_IDENTITY = "";
				DEFINES_MODULE = YES;
				DEVELOPMENT_TEAM = DD62CH3UG6;
				DYLIB_COMPATIBILITY_VERSION = 1;
				DYLIB_CURRENT_VERSION = 1;
				DYLIB_INSTALL_NAME_BASE = "@rpath";
				FRAMEWORK_SEARCH_PATHS = (
					"$(inherited)",
					"$(PROJECT_DIR)",
					"$(PROJECT_DIR)/Carthage/Build/iOS",
				);
				INFOPLIST_FILE = LiCoreSDK/Info.plist;
				INSTALL_PATH = "$(LOCAL_LIBRARY_DIR)/Frameworks";
				IPHONEOS_DEPLOYMENT_TARGET = 9.0;
				LD_RUNPATH_SEARCH_PATHS = "$(inherited) @executable_path/Frameworks @loader_path/Frameworks";
				OTHER_SWIFT_FLAGS = "-Xfrontend";
				PRODUCT_BUNDLE_IDENTIFIER = Lithium.LiCoreSDK;
				PRODUCT_NAME = LiCoreSDK;
				SKIP_INSTALL = YES;
				SWIFT_VERSION = 3.0;
			};
			name = Release;
		};
		2AEAFB821E921A4B00514729 /* Debug */ = {
			isa = XCBuildConfiguration;
			buildSettings = {
				ALWAYS_EMBED_SWIFT_STANDARD_LIBRARIES = YES;
				DEVELOPMENT_TEAM = NNT4YXH3R5;
				FRAMEWORK_SEARCH_PATHS = (
					"$(inherited)",
					"$(PROJECT_DIR)/Carthage/Build/iOS",
				);
				INFOPLIST_FILE = LiCoreSDKTests/Info.plist;
				IPHONEOS_DEPLOYMENT_TARGET = 9.0;
				LD_RUNPATH_SEARCH_PATHS = "$(inherited) @executable_path/Frameworks @loader_path/Frameworks";
				MACH_O_TYPE = mh_bundle;
				PRODUCT_BUNDLE_IDENTIFIER = Lithium.LiCoreSDKTests;
				PRODUCT_NAME = "$(TARGET_NAME)";
				SWIFT_VERSION = 3.0;
				"TEST_HOST[sdk=*]" = "$(BUNDLE_LOADER)";
			};
			name = Debug;
		};
		2AEAFB831E921A4B00514729 /* Release */ = {
			isa = XCBuildConfiguration;
			buildSettings = {
				ALWAYS_EMBED_SWIFT_STANDARD_LIBRARIES = YES;
				DEVELOPMENT_TEAM = NNT4YXH3R5;
				FRAMEWORK_SEARCH_PATHS = (
					"$(inherited)",
					"$(PROJECT_DIR)/Carthage/Build/iOS",
				);
				INFOPLIST_FILE = LiCoreSDKTests/Info.plist;
				IPHONEOS_DEPLOYMENT_TARGET = 9.0;
				LD_RUNPATH_SEARCH_PATHS = "$(inherited) @executable_path/Frameworks @loader_path/Frameworks";
				MACH_O_TYPE = mh_bundle;
				PRODUCT_BUNDLE_IDENTIFIER = Lithium.LiCoreSDKTests;
				PRODUCT_NAME = "$(TARGET_NAME)";
				SWIFT_VERSION = 3.0;
			};
			name = Release;
		};
/* End XCBuildConfiguration section */

/* Begin XCConfigurationList section */
		2AEAFB641E921A4B00514729 /* Build configuration list for PBXProject "LiCoreSDK" */ = {
			isa = XCConfigurationList;
			buildConfigurations = (
				2AEAFB7C1E921A4B00514729 /* Debug */,
				2AEAFB7D1E921A4B00514729 /* Release */,
			);
			defaultConfigurationIsVisible = 0;
			defaultConfigurationName = Release;
		};
		2AEAFB7E1E921A4B00514729 /* Build configuration list for PBXNativeTarget "LiCoreSDK" */ = {
			isa = XCConfigurationList;
			buildConfigurations = (
				2AEAFB7F1E921A4B00514729 /* Debug */,
				2AEAFB801E921A4B00514729 /* Release */,
			);
			defaultConfigurationIsVisible = 0;
			defaultConfigurationName = Release;
		};
		2AEAFB811E921A4B00514729 /* Build configuration list for PBXNativeTarget "LiCoreSDKTests" */ = {
			isa = XCConfigurationList;
			buildConfigurations = (
				2AEAFB821E921A4B00514729 /* Debug */,
				2AEAFB831E921A4B00514729 /* Release */,
			);
			defaultConfigurationIsVisible = 0;
			defaultConfigurationName = Release;
		};
/* End XCConfigurationList section */
	};
	rootObject = 2AEAFB611E921A4B00514729 /* Project object */;
}
